
Microsoft Visual Studio Solution File, Format Version 12.00
# Visual Studio 15
VisualStudioVersion = 15.0.28307.1022
MinimumVisualStudioVersion = 10.0.40219.1
Project("{9A19103F-16F7-4668-BE54-9A1E7A4F7556}") = "SqlParser", "SqlParser.csproj", "{34432E26-166A-4A26-8116-248A96C0C921}"
EndProject
Global
	GlobalSection(SolutionConfigurationPlatforms) = preSolution
		Debug|Any CPU = Debug|Any CPU
		Release|Any CPU = Release|Any CPU
	EndGlobalSection
	GlobalSection(ProjectConfigurationPlatforms) = postSolution
		{34432E26-166A-4A26-8116-248A96C0C921}.Debug|Any CPU.ActiveCfg = Debug|Any CPU
		{34432E26-166A-4A26-8116-248A96C0C921}.Debug|Any CPU.Build.0 = Debug|Any CPU
		{34432E26-166A-4A26-8116-248A96C0C921}.Release|Any CPU.ActiveCfg = Release|Any CPU
		{34432E26-166A-4A26-8116-248A96C0C921}.Release|Any CPU.Build.0 = Release|Any CPU
	EndGlobalSection
	GlobalSection(SolutionProperties) = preSolution
		HideSolutionNode = FALSE
	EndGlobalSection
	GlobalSection(ExtensibilityGlobals) = postSolution
		SolutionGuid = {150CDBFD-2768-461E-BE62-147538C22749}
	EndGlobalSection
EndGlobal
